{
  "name": "taskboard-api",
  "version": "1.2.0",
  "lockfileVersion": 3,
  "requires": true,
  "packages": {
    "": {
      "name": "taskboard-api",
      "version": "1.2.0",
      "dependencies": {
        "express": "^4.19.2",
        "pino": "^9.3.2",
        "zod": "^3.23.8"
      },
      "devDependencies": {
        "@types/express": "^4.17.21",
        "@types/node": "^20.14.15",
        "typescript": "^5.5.4",
        "vitest": "^2.0.5"
      },
      "engines": {
        "node": ">=18.17"
      }
    },
    "node_modules/@types/express": {
      "version": "4.17.21",
      "resolved": "https://registry.npmjs.org/@types/express/-/express-4.17.21.tgz",
      "integrity": "sha512-ejlPM315qwLpaQlQDTjPdsUFSc6ZsP4AN6AlWnogPjQ7CVi7PYF3YVz+CY3jE2pwYf7E/7HlDAN0rV2GxTG0HQ==",
      "dev": true
    },
    "node_modules/@types/node": {
      "version": "20.14.15",
      "resolved": "https://registry.npmjs.org/@types/node/-/node-20.14.15.tgz",
      "integrity": "sha512-Fz1xDMCF/B00/tYSVMlmK7hVeLh7jE5f3B7X1/hmV0MJBwE27KlS7EvD/Yp+z1lm8mVhwV5w+n8jOZG8AfTlKw==",
      "dev": true
    },
    "node_modules/express": {
      "version": "4.19.2",
      "resolved": "https://registry.npmjs.org/express/-/express-4.19.2.tgz",
      "integrity": "sha512-5T6nhjsT+EOMzuck8JjBHARTHfMht0POzlA60WV2pMD3gyXw2LZnZ+ueGdNxG+0calOJcWKbpFcuzLZ91YWq9Q==",
      "engines": {
        "node": ">= 0.10.0"
      }
    },
    "node_modules/pino": {
      "version": "9.3.2",
      "resolved": "https://registry.npmjs.org/pino/-/pino-9.3.2.tgz",
      "integrity": "sha512-krhTb6HwvCHzXCd8DsFvUx6GmHGkCDDAOGkVGdLqCauXt3yrEGl/9jHvSDzsAXhU8QX1oZ8UEKvfSd8xVkkRag==",
      "bin": {
        "pino": "bin.js"
      }
    },
    "node_modules/typescript": {
      "version": "5.5.4",
      "resolved": "https://registry.npmjs.org/typescript/-/typescript-5.5.4.tgz",
      "integrity": "sha512-Mtq29sKDAEYP7aljRgtPOpTvOfbwRWlS6dPRzwjdE+C0R4brX/GUyhHSecbHMFLNBLcJIPt9nl9yG5TZ1weH+Q==",
      "dev": true,
      "bin": {
        "tsc": "bin/tsc",
        "tsserver": "bin/tsserver"
      },
      "engines": {
        "node": ">=14.17"
      }
    },
    "node_modules/vitest": {
      "version": "2.0.5",
      "resolved": "https://registry.npmjs.org/vitest/-/vitest-2.0.5.tgz",
      "integrity": "sha512-8GUxONfauuIdeSl5f9GTgVEpg5BTOlplET4WEDaeY2QBiN8wSm68vxN/tb5z405OwppfoCavnwXafiaYBC/xOA==",
      "dev": true,
      "bin": {
        "vitest": "vitest.mjs"
      },
      "engines": {
        "node": "^18.0.0 || >=20.0.0"
      }
    },
    "node_modules/zod": {
      "version": "3.23.8",
      "resolved": "https://registry.npmjs.org/zod/-/zod-3.23.8.tgz",
      "integrity": "sha512-XBx9AXhXktjUqnepgTiE5flcKIYWi/rme0Eaj+5Y0lftuGBq+jyRu/md4WnuxqgP1ubdpNCsYEYPxrzVHD8d6g=="
    }
  }
}
